
Microsoft Visual Studio Solution File, Format Version 12.00
# Visual Studio Version 17
VisualStudioVersion = 17.10.35004.147
MinimumVisualStudioVersion = 10.0.40219.1
Project("{FAE04EC0-301F-11D3-BF4B-00C04F79EFBC}") = "AirlineAPI", "AirlineAPI\AirlineAPI.csproj", "{438A5C78-8257-466F-A1D2-382746884B4A}"
EndProject
Global
	GlobalSection(SolutionConfigurationPlatforms) = preSolution
		Debug|Any CPU = Debug|Any CPU
		Release|Any CPU = Release|Any CPU
	EndGlobalSection
	GlobalSection(ProjectConfigurationPlatforms) = postSolution
		{438A5C78-8257-466F-A1D2-382746884B4A}.Debug|Any CPU.ActiveCfg = Debug|Any CPU
		{438A5C78-8257-466F-A1D2-382746884B4A}.Debug|Any CPU.Build.0 = Debug|Any CPU
		{438A5C78-8257-466F-A1D2-382746884B4A}.Release|Any CPU.ActiveCfg = Release|Any CPU
		{438A5C78-8257-466F-A1D2-382746884B4A}.Release|Any CPU.Build.0 = Release|Any CPU
	EndGlobalSection
	GlobalSection(SolutionProperties) = preSolution
		HideSolutionNode = FALSE
	EndGlobalSection
	GlobalSection(ExtensibilityGlobals) = postSolution
		SolutionGuid = {B7EBC04E-E568-4DA6-A0A0-FA949BDE4A01}
	EndGlobalSection
EndGlobal
